{
  "nodes": {
    "mobile-nixos": {
      "flake": false,
      "locked": {
        "lastModified": 1656299939,
        "narHash": "sha256-gODt71CCv0gnMNeU4GYdSBJkxsfmBy0uNv8owQC1oPs=",
        "owner": "NixOS",
        "repo": "mobile-nixos",
        "rev": "de9a88a70f0ae5fc0839ff94bf29e8a30af399f8",
        "type": "github"
      },
      "original": {
        "owner": "NixOS",
        "ref": "master",
        "repo": "mobile-nixos",
        "type": "github"
      }
    },
    "nixpkgs": {
      "locked": {
        "lastModified": 1658644204,
        "narHash": "sha256-MWyfCH9K3eVTXJUxBi67OQSAh9jJAnvWklM6qm4j8w8=",
        "owner": "NixOS",
        "repo": "nixpkgs",
        "rev": "2f0c3be57c348f4cfd8820f2d189e29a685d9c41",
        "type": "github"
      },
      "original": {
        "owner": "NixOS",
        "ref": "nixpkgs-unstable",
        "repo": "nixpkgs",
        "type": "github"
      }
    },
    "nixpkgs-cross-fork": {
      "locked": {
        "lastModified": 1658784350,
        "narHash": "sha256-4V8c7v2fXkQYF69TDbnvqC5AOL02de6bATXlMQKu060=",
        "owner": "Mindavi",
        "repo": "nixpkgs",
        "rev": "104434e90b58b606d26ce7dc23e11fac71ebb266",
        "type": "github"
      },
      "original": {
        "owner": "Mindavi",
        "ref": "pinephone-patches-3",
        "repo": "nixpkgs",
        "type": "github"
      }
    },
    "root": {
      "inputs": {
        "mobile-nixos": "mobile-nixos",
        "nixpkgs": "nixpkgs",
        "nixpkgs-cross-fork": "nixpkgs-cross-fork"
      }
    }
  },
  "root": "root",
  "version": 7
}
