{
  "nodes": {
    "mobile-nixos": {
      "flake": false,
      "locked": {
        "lastModified": 1667345565,
        "narHash": "sha256-cnLDOA6aOHrNibgpa3w27EvQBaPMlRq225l3dln2fqA=",
        "owner": "NixOS",
        "repo": "mobile-nixos",
        "rev": "0b69b36c989d13f08c3bc563253f68c9d6ed7244",
        "type": "github"
      },
      "original": {
        "owner": "NixOS",
        "ref": "master",
        "repo": "mobile-nixos",
        "type": "github"
      }
    },
    "nixpkgs": {
      "locked": {
        "lastModified": 1667909632,
        "narHash": "sha256-p9ZTU29fRA0KNQVGIFTA06IcVeoCqYNRvegRdxGZd8k=",
        "owner": "NixOS",
        "repo": "nixpkgs",
        "rev": "bc5ad970780580ec272b3a6bc5f9bddf4e250d3c",
        "type": "github"
      },
      "original": {
        "owner": "NixOS",
        "ref": "nixpkgs-unstable",
        "repo": "nixpkgs",
        "type": "github"
      }
    },
    "root": {
      "inputs": {
        "mobile-nixos": "mobile-nixos",
        "nixpkgs": "nixpkgs"
      }
    }
  },
  "root": "root",
  "version": 7
}
