{
  "nodes": {
    "mobile-nixos": {
      "flake": false,
      "locked": {
        "lastModified": 1635290178,
        "narHash": "sha256-5K4j4BaTbunLAufdC6zdWuvPTKDtpYhBQUA2+WVX6Gk=",
        "owner": "NixOS",
        "repo": "mobile-nixos",
        "rev": "b34d0923aaaabe39240bdcdbfe05b08457211e5d",
        "type": "github"
      },
      "original": {
        "owner": "NixOS",
        "ref": "master",
        "repo": "mobile-nixos",
        "type": "github"
      }
    },
    "nixpkgs": {
      "locked": {
        "lastModified": 1635815510,
        "narHash": "sha256-sEU7eCqUH5Jgbur6nNdHzp+a9uIHea709cFQA1rsIZI=",
        "owner": "samueldr",
        "repo": "nixpkgs",
        "rev": "86bfb9ac3173d1af1bb09634a3d995445f296b57",
        "type": "github"
      },
      "original": {
        "owner": "samueldr",
        "ref": "feature/plasma-mobile",
        "repo": "nixpkgs",
        "type": "github"
      }
    },
    "root": {
      "inputs": {
        "mobile-nixos": "mobile-nixos",
        "nixpkgs": "nixpkgs"
      }
    }
  },
  "root": "root",
  "version": 7
}
